
Microsoft Visual Studio Solution File, Format Version 12.00
# Visual Studio Version 17
VisualStudioVersion = 17.12.35527.113
MinimumVisualStudioVersion = 10.0.40219.1
Project("{FAE04EC0-301F-11D3-BF4B-00C04F79EFBC}") = "sicilylines", "sicilylines\sicilylines.csproj", "{D4C445E8-A8E4-4F96-AB75-79F30EF46C75}"
EndProject
Project("{FAE04EC0-301F-11D3-BF4B-00C04F79EFBC}") = "API-Client", "API-Client\API-Client.csproj", "{FDE7A856-AF6F-40AA-89FA-8D78A8831AFC}"
EndProject
Global
	GlobalSection(SolutionConfigurationPlatforms) = preSolution
		Debug|Any CPU = Debug|Any CPU
		Release|Any CPU = Release|Any CPU
	EndGlobalSection
	GlobalSection(ProjectConfigurationPlatforms) = postSolution
		{D4C445E8-A8E4-4F96-AB75-79F30EF46C75}.Debug|Any CPU.ActiveCfg = Debug|Any CPU
		{D4C445E8-A8E4-4F96-AB75-79F30EF46C75}.Debug|Any CPU.Build.0 = Debug|Any CPU
		{D4C445E8-A8E4-4F96-AB75-79F30EF46C75}.Debug|Any CPU.Deploy.0 = Debug|Any CPU
		{D4C445E8-A8E4-4F96-AB75-79F30EF46C75}.Release|Any CPU.ActiveCfg = Release|Any CPU
		{D4C445E8-A8E4-4F96-AB75-79F30EF46C75}.Release|Any CPU.Build.0 = Release|Any CPU
		{D4C445E8-A8E4-4F96-AB75-79F30EF46C75}.Release|Any CPU.Deploy.0 = Release|Any CPU
		{FDE7A856-AF6F-40AA-89FA-8D78A8831AFC}.Debug|Any CPU.ActiveCfg = Debug|Any CPU
		{FDE7A856-AF6F-40AA-89FA-8D78A8831AFC}.Debug|Any CPU.Build.0 = Debug|Any CPU
		{FDE7A856-AF6F-40AA-89FA-8D78A8831AFC}.Release|Any CPU.ActiveCfg = Release|Any CPU
		{FDE7A856-AF6F-40AA-89FA-8D78A8831AFC}.Release|Any CPU.Build.0 = Release|Any CPU
	EndGlobalSection
	GlobalSection(SolutionProperties) = preSolution
		HideSolutionNode = FALSE
	EndGlobalSection
EndGlobal
